
Microsoft Visual Studio Solution File, Format Version 12.00
# Visual Studio Version 17
VisualStudioVersion = 17.5.002.0
MinimumVisualStudioVersion = 10.0.40219.1
Project("{9A19103F-16F7-4668-BE54-9A1E7A4F7556}") = "OCRVisionTest", "OCRVisionTest.csproj", "{1D0A7B38-D1E0-413C-9386-BAEE45967782}"
EndProject
Global
	GlobalSection(SolutionConfigurationPlatforms) = preSolution
		Debug|Any CPU = Debug|Any CPU
		Release|Any CPU = Release|Any CPU
	EndGlobalSection
	GlobalSection(ProjectConfigurationPlatforms) = postSolution
		{1D0A7B38-D1E0-413C-9386-BAEE45967782}.Debug|Any CPU.ActiveCfg = Debug|Any CPU
		{1D0A7B38-D1E0-413C-9386-BAEE45967782}.Debug|Any CPU.Build.0 = Debug|Any CPU
		{1D0A7B38-D1E0-413C-9386-BAEE45967782}.Release|Any CPU.ActiveCfg = Release|Any CPU
		{1D0A7B38-D1E0-413C-9386-BAEE45967782}.Release|Any CPU.Build.0 = Release|Any CPU
	EndGlobalSection
	GlobalSection(SolutionProperties) = preSolution
		HideSolutionNode = FALSE
	EndGlobalSection
	GlobalSection(ExtensibilityGlobals) = postSolution
		SolutionGuid = {2BCA2DE4-D190-431F-8F17-1FEBD5F9CEB4}
	EndGlobalSection
EndGlobal
